
Microsoft Visual Studio Solution File, Format Version 12.00
Project("{FAE04EC0-301F-11D3-BF4B-00C04F79EFBC}") = "LibEtrian", "LibEtrian\LibEtrian.csproj", "{DBD01AF8-6436-47D8-943B-19AD44CAD2DC}"
EndProject
Global
	GlobalSection(SolutionConfigurationPlatforms) = preSolution
		Debug|Any CPU = Debug|Any CPU
		Release|Any CPU = Release|Any CPU
	EndGlobalSection
	GlobalSection(ProjectConfigurationPlatforms) = postSolution
		{DBD01AF8-6436-47D8-943B-19AD44CAD2DC}.Debug|Any CPU.ActiveCfg = Debug|Any CPU
		{DBD01AF8-6436-47D8-943B-19AD44CAD2DC}.Debug|Any CPU.Build.0 = Debug|Any CPU
		{DBD01AF8-6436-47D8-943B-19AD44CAD2DC}.Release|Any CPU.ActiveCfg = Release|Any CPU
		{DBD01AF8-6436-47D8-943B-19AD44CAD2DC}.Release|Any CPU.Build.0 = Release|Any CPU
	EndGlobalSection
EndGlobal
